{
  "version": 4,
  "terraform_version": "1.4.6",
  "serial": 1,
  "lineage": "36148229-d752-3b81-a38d-0b6885e90e81",
  "outputs": {
    "accounts": {
      "value": [
        "123133550781",
        "930856341568"
      ],
      "type": [
        "set",
        "string"
      ]
    },
    "resource_files": {
      "value": [
        "123133550781/federated-roles/DEV_Ops.yaml",
        "123133550781/service-accounts/SVC-DEV-Ops.yaml",
        "930856341568/service-accounts/SVC-PROD-Auditor.yaml"
      ],
      "type": [
        "set",
        "string"
      ]
    },
    "workspace": {
      "value": {
        "123133550781": {
          "account": "123133550781",
          "auto_apply": true,
          "branch": "tfe-workspaces",
          "drift_detection": false,
          "env_vars": {},
          "environment": "tfc-dev",
          "github_org": "citrusoft",
          "github_repo": "DIYStackset",
          "key": "123133550781",
          "parallelism": null,
          "policy_env": "123133550781",
          "queue_all_runs": true,
          "tags": [],
          "terraform_version": "1.3.6",
          "tf_vars": {},
          "var_file": null,
          "varset": "AWSAccessKeys",
          "working_directory": null
        },
        "930856341568": {
          "account": "930856341568",
          "auto_apply": true,
          "branch": "tfe-workspaces",
          "drift_detection": false,
          "env_vars": {},
          "environment": "tfc-dev",
          "github_org": "citrusoft",
          "github_repo": "DIYStackset",
          "key": "930856341568",
          "parallelism": null,
          "policy_env": "930856341568",
          "queue_all_runs": true,
          "tags": [],
          "terraform_version": "1.3.6",
          "tf_vars": {},
          "var_file": null,
          "varset": "AWSAccessKeys",
          "working_directory": null
        }
      },
      "type": [
        "object",
        {
          "123133550781": [
            "object",
            {
              "account": "string",
              "auto_apply": "bool",
              "branch": "string",
              "drift_detection": "bool",
              "env_vars": [
                "object",
                {}
              ],
              "environment": "string",
              "github_org": "string",
              "github_repo": "string",
              "key": "string",
              "parallelism": "dynamic",
              "policy_env": "string",
              "queue_all_runs": "bool",
              "tags": [
                "tuple",
                []
              ],
              "terraform_version": "string",
              "tf_vars": [
                "object",
                {}
              ],
              "var_file": "dynamic",
              "varset": "string",
              "working_directory": "dynamic"
            }
          ],
          "930856341568": [
            "object",
            {
              "account": "string",
              "auto_apply": "bool",
              "branch": "string",
              "drift_detection": "bool",
              "env_vars": [
                "object",
                {}
              ],
              "environment": "string",
              "github_org": "string",
              "github_repo": "string",
              "key": "string",
              "parallelism": "dynamic",
              "policy_env": "string",
              "queue_all_runs": "bool",
              "tags": [
                "tuple",
                []
              ],
              "terraform_version": "string",
              "tf_vars": [
                "object",
                {}
              ],
              "var_file": "dynamic",
              "varset": "string",
              "working_directory": "dynamic"
            }
          ]
        }
      ]
    }
  },
  "resources": [
    {
      "mode": "managed",
      "type": "tfe_workspace",
      "name": "test",
      "provider": "provider[\"registry.terraform.io/hashicorp/tfe\"]",
      "instances": [
        {
          "schema_version": 1,
          "attributes": {
            "agent_pool_id": "",
            "allow_destroy_plan": true,
            "assessments_enabled": false,
            "auto_apply": false,
            "description": "",
            "execution_mode": "remote",
            "file_triggers_enabled": true,
            "force_delete": false,
            "global_remote_state": false,
            "html_url": "https://app.terraform.io/app/citrusoft/workspaces/my-workspace-name",
            "id": "ws-prkR8AdXENk51KTS",
            "name": "my-workspace-name",
            "operations": true,
            "organization": "citrusoft",
            "project_id": "prj-E7re8MEs9Lx7XVsZ",
            "queue_all_runs": true,
            "remote_state_consumer_ids": [],
            "resource_count": 0,
            "source_name": "",
            "source_url": "",
            "speculative_enabled": true,
            "ssh_key_id": "",
            "structured_run_output_enabled": true,
            "tag_names": [
              "app",
              "test"
            ],
            "terraform_version": "1.4.6",
            "trigger_patterns": null,
            "trigger_prefixes": null,
            "vcs_repo": [],
            "working_directory": ""
          },
          "sensitive_attributes": [],
          "private": "eyJzY2hlbWFfdmVyc2lvbiI6IjEifQ=="
        }
      ]
    }
  ],
  "check_results": null
}
